// !$*UTF8*$!
{
	archiveVersion = 1;
	classes = {
	};
	objectVersion = 50;
	objects = {

/* Begin PBXBuildFile section */
		AC41A3B82660A09500B02A2B /* PostDetailCollectionViewController.swift in Sources */ = {isa = PBXBuildFile; fileRef = AC41A3B72660A09500B02A2B /* PostDetailCollectionViewController.swift */; };
		AC41A3BA2660A1DE00B02A2B /* PostDetailCollectionViewCell.swift in Sources */ = {isa = PBXBuildFile; fileRef = AC41A3B92660A1DE00B02A2B /* PostDetailCollectionViewCell.swift */; };
		ACF430C1265B4D2100F33D5F /* AppDelegate.swift in Sources */ = {isa = PBXBuildFile; fileRef = ACF430C0265B4D2100F33D5F /* AppDelegate.swift */; };
		ACF430C3265B4D2100F33D5F /* SceneDelegate.swift in Sources */ = {isa = PBXBuildFile; fileRef = ACF430C2265B4D2100F33D5F /* SceneDelegate.swift */; };
		ACF430C8265B4D2100F33D5F /* Main.storyboard in Resources */ = {isa = PBXBuildFile; fileRef = ACF430C6265B4D2100F33D5F /* Main.storyboard */; };
		ACF430CA265B4D2600F33D5F /* Assets.xcassets in Resources */ = {isa = PBXBuildFile; fileRef = ACF430C9265B4D2600F33D5F /* Assets.xcassets */; };
		ACF430CD265B4D2600F33D5F /* LaunchScreen.storyboard in Resources */ = {isa = PBXBuildFile; fileRef = ACF430CB265B4D2600F33D5F /* LaunchScreen.storyboard */; };
		ACF430DB265B60AA00F33D5F /* WallCollectionViewController.swift in Sources */ = {isa = PBXBuildFile; fileRef = ACF430DA265B60AA00F33D5F /* WallCollectionViewController.swift */; };
		ACF430DD265B60B800F33D5F /* WallCollectionViewCell.swift in Sources */ = {isa = PBXBuildFile; fileRef = ACF430DC265B60B800F33D5F /* WallCollectionViewCell.swift */; };
		ACF430DF265B941100F33D5F /* ProfileCollectionReusableView.swift in Sources */ = {isa = PBXBuildFile; fileRef = ACF430DE265B941000F33D5F /* ProfileCollectionReusableView.swift */; };
		ACF430E1265E1E7300F33D5F /* IGResponse.swift in Sources */ = {isa = PBXBuildFile; fileRef = ACF430E0265E1E7300F33D5F /* IGResponse.swift */; };
/* End PBXBuildFile section */

/* Begin PBXFileReference section */
		AC41A3B72660A09500B02A2B /* PostDetailCollectionViewController.swift */ = {isa = PBXFileReference; lastKnownFileType = sourcecode.swift; path = PostDetailCollectionViewController.swift; sourceTree = "<group>"; };
		AC41A3B92660A1DE00B02A2B /* PostDetailCollectionViewCell.swift */ = {isa = PBXFileReference; lastKnownFileType = sourcecode.swift; path = PostDetailCollectionViewCell.swift; sourceTree = "<group>"; };
		ACF430BD265B4D2100F33D5F /* IG.app */ = {isa = PBXFileReference; explicitFileType = wrapper.application; includeInIndex = 0; path = IG.app; sourceTree = BUILT_PRODUCTS_DIR; };
		ACF430C0265B4D2100F33D5F /* AppDelegate.swift */ = {isa = PBXFileReference; lastKnownFileType = sourcecode.swift; path = AppDelegate.swift; sourceTree = "<group>"; };
		ACF430C2265B4D2100F33D5F /* SceneDelegate.swift */ = {isa = PBXFileReference; lastKnownFileType = sourcecode.swift; path = SceneDelegate.swift; sourceTree = "<group>"; };
		ACF430C7265B4D2100F33D5F /* Base */ = {isa = PBXFileReference; lastKnownFileType = file.storyboard; name = Base; path = Base.lproj/Main.storyboard; sourceTree = "<group>"; };
		ACF430C9265B4D2600F33D5F /* Assets.xcassets */ = {isa = PBXFileReference; lastKnownFileType = folder.assetcatalog; path = Assets.xcassets; sourceTree = "<group>"; };
		ACF430CC265B4D2600F33D5F /* Base */ = {isa = PBXFileReference; lastKnownFileType = file.storyboard; name = Base; path = Base.lproj/LaunchScreen.storyboard; sourceTree = "<group>"; };
		ACF430CE265B4D2600F33D5F /* Info.plist */ = {isa = PBXFileReference; lastKnownFileType = text.plist.xml; path = Info.plist; sourceTree = "<group>"; };
		ACF430DA265B60AA00F33D5F /* WallCollectionViewController.swift */ = {isa = PBXFileReference; lastKnownFileType = sourcecode.swift; path = WallCollectionViewController.swift; sourceTree = "<group>"; };
		ACF430DC265B60B800F33D5F /* WallCollectionViewCell.swift */ = {isa = PBXFileReference; lastKnownFileType = sourcecode.swift; path = WallCollectionViewCell.swift; sourceTree = "<group>"; };
		ACF430DE265B941000F33D5F /* ProfileCollectionReusableView.swift */ = {isa = PBXFileReference; lastKnownFileType = sourcecode.swift; path = ProfileCollectionReusableView.swift; sourceTree = "<group>"; };
		ACF430E0265E1E7300F33D5F /* IGResponse.swift */ = {isa = PBXFileReference; fileEncoding = 4; lastKnownFileType = sourcecode.swift; path = IGResponse.swift; sourceTree = "<group>"; };
/* End PBXFileReference section */

/* Begin PBXFrameworksBuildPhase section */
		ACF430BA265B4D2100F33D5F /* Frameworks */ = {
			isa = PBXFrameworksBuildPhase;
			buildActionMask = 2147483647;
			files = (
			);
			runOnlyForDeploymentPostprocessing = 0;
		};
/* End PBXFrameworksBuildPhase section */

/* Begin PBXGroup section */
		ACF430B4265B4D2100F33D5F = {
			isa = PBXGroup;
			children = (
				ACF430BF265B4D2100F33D5F /* IG */,
				ACF430BE265B4D2100F33D5F /* Products */,
			);
			sourceTree = "<group>";
		};
		ACF430BE265B4D2100F33D5F /* Products */ = {
			isa = PBXGroup;
			children = (
				ACF430BD265B4D2100F33D5F /* IG.app */,
			);
			name = Products;
			sourceTree = "<group>";
		};
		ACF430BF265B4D2100F33D5F /* IG */ = {
			isa = PBXGroup;
			children = (
				ACF430C0265B4D2100F33D5F /* AppDelegate.swift */,
				ACF430C2265B4D2100F33D5F /* SceneDelegate.swift */,
				ACF430C6265B4D2100F33D5F /* Main.storyboard */,
				AC41A3B92660A1DE00B02A2B /* PostDetailCollectionViewCell.swift */,
				AC41A3B72660A09500B02A2B /* PostDetailCollectionViewController.swift */,
				ACF430DE265B941000F33D5F /* ProfileCollectionReusableView.swift */,
				ACF430DA265B60AA00F33D5F /* WallCollectionViewController.swift */,
				ACF430DC265B60B800F33D5F /* WallCollectionViewCell.swift */,
				ACF430C9265B4D2600F33D5F /* Assets.xcassets */,
				ACF430CB265B4D2600F33D5F /* LaunchScreen.storyboard */,
				ACF430E0265E1E7300F33D5F /* IGResponse.swift */,
				ACF430CE265B4D2600F33D5F /* Info.plist */,
			);
			path = IG;
			sourceTree = "<group>";
		};
/* End PBXGroup section */

/* Begin PBXNativeTarget section */
		ACF430BC265B4D2100F33D5F /* IG */ = {
			isa = PBXNativeTarget;
			buildConfigurationList = ACF430D1265B4D2600F33D5F /* Build configuration list for PBXNativeTarget "IG" */;
			buildPhases = (
				ACF430B9265B4D2100F33D5F /* Sources */,
				ACF430BA265B4D2100F33D5F /* Frameworks */,
				ACF430BB265B4D2100F33D5F /* Resources */,
			);
			buildRules = (
			);
			dependencies = (
			);
			name = IG;
			productName = IG;
			productReference = ACF430BD265B4D2100F33D5F /* IG.app */;
			productType = "com.apple.product-type.application";
		};
/* End PBXNativeTarget section */

/* Begin PBXProject section */
		ACF430B5265B4D2100F33D5F /* Project object */ = {
			isa = PBXProject;
			attributes = {
				LastSwiftUpdateCheck = 1250;
				LastUpgradeCheck = 1250;
				TargetAttributes = {
					ACF430BC265B4D2100F33D5F = {
						CreatedOnToolsVersion = 12.5;
					};
				};
			};
			buildConfigurationList = ACF430B8265B4D2100F33D5F /* Build configuration list for PBXProject "IG" */;
			compatibilityVersion = "Xcode 9.3";
			developmentRegion = en;
			hasScannedForEncodings = 0;
			knownRegions = (
				en,
				Base,
			);
			mainGroup = ACF430B4265B4D2100F33D5F;
			productRefGroup = ACF430BE265B4D2100F33D5F /* Products */;
			projectDirPath = "";
			projectRoot = "";
			targets = (
				ACF430BC265B4D2100F33D5F /* IG */,
			);
		};
/* End PBXProject section */

/* Begin PBXResourcesBuildPhase section */
		ACF430BB265B4D2100F33D5F /* Resources */ = {
			isa = PBXResourcesBuildPhase;
			buildActionMask = 2147483647;
			files = (
				ACF430CD265B4D2600F33D5F /* LaunchScreen.storyboard in Resources */,
				ACF430CA265B4D2600F33D5F /* Assets.xcassets in Resources */,
				ACF430C8265B4D2100F33D5F /* Main.storyboard in Resources */,
			);
			runOnlyForDeploymentPostprocessing = 0;
		};
/* End PBXResourcesBuildPhase section */

/* Begin PBXSourcesBuildPhase section */
		ACF430B9265B4D2100F33D5F /* Sources */ = {
			isa = PBXSourcesBuildPhase;
			buildActionMask = 2147483647;
			files = (
				ACF430E1265E1E7300F33D5F /* IGResponse.swift in Sources */,
				AC41A3BA2660A1DE00B02A2B /* PostDetailCollectionViewCell.swift in Sources */,
				ACF430DB265B60AA00F33D5F /* WallCollectionViewController.swift in Sources */,
				ACF430C1265B4D2100F33D5F /* AppDelegate.swift in Sources */,
				ACF430DD265B60B800F33D5F /* WallCollectionViewCell.swift in Sources */,
				ACF430C3265B4D2100F33D5F /* SceneDelegate.swift in Sources */,
				ACF430DF265B941100F33D5F /* ProfileCollectionReusableView.swift in Sources */,
				AC41A3B82660A09500B02A2B /* PostDetailCollectionViewController.swift in Sources */,
			);
			runOnlyForDeploymentPostprocessing = 0;
		};
/* End PBXSourcesBuildPhase section */

/* Begin PBXVariantGroup section */
		ACF430C6265B4D2100F33D5F /* Main.storyboard */ = {
			isa = PBXVariantGroup;
			children = (
				ACF430C7265B4D2100F33D5F /* Base */,
			);
			name = Main.storyboard;
			sourceTree = "<group>";
		};
		ACF430CB265B4D2600F33D5F /* LaunchScreen.storyboard */ = {
			isa = PBXVariantGroup;
			children = (
				ACF430CC265B4D2600F33D5F /* Base */,
			);
			name = LaunchScreen.storyboard;
			sourceTree = "<group>";
		};
/* End PBXVariantGroup section */

/* Begin XCBuildConfiguration section */
		ACF430CF265B4D2600F33D5F /* Debug */ = {
			isa = XCBuildConfiguration;
			buildSettings = {
				ALWAYS_SEARCH_USER_PATHS = NO;
				CLANG_ANALYZER_NONNULL = YES;
				CLANG_ANALYZER_NUMBER_OBJECT_CONVERSION = YES_AGGRESSIVE;
				CLANG_CXX_LANGUAGE_STANDARD = "gnu++14";
				CLANG_CXX_LIBRARY = "libc++";
				CLANG_ENABLE_MODULES = YES;
				CLANG_ENABLE_OBJC_ARC = YES;
				CLANG_ENABLE_OBJC_WEAK = YES;
				CLANG_WARN_BLOCK_CAPTURE_AUTORELEASING = YES;
				CLANG_WARN_BOOL_CONVERSION = YES;
				CLANG_WARN_COMMA = YES;
				CLANG_WARN_CONSTANT_CONVERSION = YES;
				CLANG_WARN_DEPRECATED_OBJC_IMPLEMENTATIONS = YES;
				CLANG_WARN_DIRECT_OBJC_ISA_USAGE = YES_ERROR;
				CLANG_WARN_DOCUMENTATION_COMMENTS = YES;
				CLANG_WARN_EMPTY_BODY = YES;
				CLANG_WARN_ENUM_CONVERSION = YES;
				CLANG_WARN_INFINITE_RECURSION = YES;
				CLANG_WARN_INT_CONVERSION = YES;
				CLANG_WARN_NON_LITERAL_NULL_CONVERSION = YES;
				CLANG_WARN_OBJC_IMPLICIT_RETAIN_SELF = YES;
				CLANG_WARN_OBJC_LITERAL_CONVERSION = YES;
				CLANG_WARN_OBJC_ROOT_CLASS = YES_ERROR;
				CLANG_WARN_QUOTED_INCLUDE_IN_FRAMEWORK_HEADER = YES;
				CLANG_WARN_RANGE_LOOP_ANALYSIS = YES;
				CLANG_WARN_STRICT_PROTOTYPES = YES;
				CLANG_WARN_SUSPICIOUS_MOVE = YES;
				CLANG_WARN_UNGUARDED_AVAILABILITY = YES_AGGRESSIVE;
				CLANG_WARN_UNREACHABLE_CODE = YES;
				CLANG_WARN__DUPLICATE_METHOD_MATCH = YES;
				COPY_PHASE_STRIP = NO;
				DEBUG_INFORMATION_FORMAT = dwarf;
				ENABLE_STRICT_OBJC_MSGSEND = YES;
				ENABLE_TESTABILITY = YES;
				GCC_C_LANGUAGE_STANDARD = gnu11;
				GCC_DYNAMIC_NO_PIC = NO;
				GCC_NO_COMMON_BLOCKS = YES;
				GCC_OPTIMIZATION_LEVEL = 0;
				GCC_PREPROCESSOR_DEFINITIONS = (
					"DEBUG=1",
					"$(inherited)",
				);
				GCC_WARN_64_TO_32_BIT_CONVERSION = YES;
				GCC_WARN_ABOUT_RETURN_TYPE = YES_ERROR;
				GCC_WARN_UNDECLARED_SELECTOR = YES;
				GCC_WARN_UNINITIALIZED_AUTOS = YES_AGGRESSIVE;
				GCC_WARN_UNUSED_FUNCTION = YES;
				GCC_WARN_UNUSED_VARIABLE = YES;
				IPHONEOS_DEPLOYMENT_TARGET = 14.5;
				MTL_ENABLE_DEBUG_INFO = INCLUDE_SOURCE;
				MTL_FAST_MATH = YES;
				ONLY_ACTIVE_ARCH = YES;
				SDKROOT = iphoneos;
				SWIFT_ACTIVE_COMPILATION_CONDITIONS = DEBUG;
				SWIFT_OPTIMIZATION_LEVEL = "-Onone";
			};
			name = Debug;
		};
		ACF430D0265B4D2600F33D5F /* Release */ = {
			isa = XCBuildConfiguration;
			buildSettings = {
				ALWAYS_SEARCH_USER_PATHS = NO;
				CLANG_ANALYZER_NONNULL = YES;
				CLANG_ANALYZER_NUMBER_OBJECT_CONVERSION = YES_AGGRESSIVE;
				CLANG_CXX_LANGUAGE_STANDARD = "gnu++14";
				CLANG_CXX_LIBRARY = "libc++";
				CLANG_ENABLE_MODULES = YES;
				CLANG_ENABLE_OBJC_ARC = YES;
				CLANG_ENABLE_OBJC_WEAK = YES;
				CLANG_WARN_BLOCK_CAPTURE_AUTORELEASING = YES;
				CLANG_WARN_BOOL_CONVERSION = YES;
				CLANG_WARN_COMMA = YES;
				CLANG_WARN_CONSTANT_CONVERSION = YES;
				CLANG_WARN_DEPRECATED_OBJC_IMPLEMENTATIONS = YES;
				CLANG_WARN_DIRECT_OBJC_ISA_USAGE = YES_ERROR;
				CLANG_WARN_DOCUMENTATION_COMMENTS = YES;
				CLANG_WARN_EMPTY_BODY = YES;
				CLANG_WARN_ENUM_CONVERSION = YES;
				CLANG_WARN_INFINITE_RECURSION = YES;
				CLANG_WARN_INT_CONVERSION = YES;
				CLANG_WARN_NON_LITERAL_NULL_CONVERSION = YES;
				CLANG_WARN_OBJC_IMPLICIT_RETAIN_SELF = YES;
				CLANG_WARN_OBJC_LITERAL_CONVERSION = YES;
				CLANG_WARN_OBJC_ROOT_CLASS = YES_ERROR;
				CLANG_WARN_QUOTED_INCLUDE_IN_FRAMEWORK_HEADER = YES;
				CLANG_WARN_RANGE_LOOP_ANALYSIS = YES;
				CLANG_WARN_STRICT_PROTOTYPES = YES;
				CLANG_WARN_SUSPICIOUS_MOVE = YES;
				CLANG_WARN_UNGUARDED_AVAILABILITY = YES_AGGRESSIVE;
				CLANG_WARN_UNREACHABLE_CODE = YES;
				CLANG_WARN__DUPLICATE_METHOD_MATCH = YES;
				COPY_PHASE_STRIP = NO;
				DEBUG_INFORMATION_FORMAT = "dwarf-with-dsym";
				ENABLE_NS_ASSERTIONS = NO;
				ENABLE_STRICT_OBJC_MSGSEND = YES;
				GCC_C_LANGUAGE_STANDARD = gnu11;
				GCC_NO_COMMON_BLOCKS = YES;
				GCC_WARN_64_TO_32_BIT_CONVERSION = YES;
				GCC_WARN_ABOUT_RETURN_TYPE = YES_ERROR;
				GCC_WARN_UNDECLARED_SELECTOR = YES;
				GCC_WARN_UNINITIALIZED_AUTOS = YES_AGGRESSIVE;
				GCC_WARN_UNUSED_FUNCTION = YES;
				GCC_WARN_UNUSED_VARIABLE = YES;
				IPHONEOS_DEPLOYMENT_TARGET = 14.5;
				MTL_ENABLE_DEBUG_INFO = NO;
				MTL_FAST_MATH = YES;
				SDKROOT = iphoneos;
				SWIFT_COMPILATION_MODE = wholemodule;
				SWIFT_OPTIMIZATION_LEVEL = "-O";
				VALIDATE_PRODUCT = YES;
			};
			name = Release;
		};
		ACF430D2265B4D2600F33D5F /* Debug */ = {
			isa = XCBuildConfiguration;
			buildSettings = {
				ASSETCATALOG_COMPILER_APPICON_NAME = AppIcon;
				ASSETCATALOG_COMPILER_GLOBAL_ACCENT_COLOR_NAME = AccentColor;
				CODE_SIGN_STYLE = Automatic;
				DEVELOPMENT_TEAM = "";
				INFOPLIST_FILE = IG/Info.plist;
				LD_RUNPATH_SEARCH_PATHS = (
					"$(inherited)",
					"@executable_path/Frameworks",
				);
				PRODUCT_BUNDLE_IDENTIFIER = com.nina.IG;
				PRODUCT_NAME = "$(TARGET_NAME)";
				SWIFT_VERSION = 5.0;
				TARGETED_DEVICE_FAMILY = "1,2";
			};
			name = Debug;
		};
		ACF430D3265B4D2600F33D5F /* Release */ = {
			isa = XCBuildConfiguration;
			buildSettings = {
				ASSETCATALOG_COMPILER_APPICON_NAME = AppIcon;
				ASSETCATALOG_COMPILER_GLOBAL_ACCENT_COLOR_NAME = AccentColor;
				CODE_SIGN_STYLE = Automatic;
				DEVELOPMENT_TEAM = "";
				INFOPLIST_FILE = IG/Info.plist;
				LD_RUNPATH_SEARCH_PATHS = (
					"$(inherited)",
					"@executable_path/Frameworks",
				);
				PRODUCT_BUNDLE_IDENTIFIER = com.nina.IG;
				PRODUCT_NAME = "$(TARGET_NAME)";
				SWIFT_VERSION = 5.0;
				TARGETED_DEVICE_FAMILY = "1,2";
			};
			name = Release;
		};
/* End XCBuildConfiguration section */

/* Begin XCConfigurationList section */
		ACF430B8265B4D2100F33D5F /* Build configuration list for PBXProject "IG" */ = {
			isa = XCConfigurationList;
			buildConfigurations = (
				ACF430CF265B4D2600F33D5F /* Debug */,
				ACF430D0265B4D2600F33D5F /* Release */,
			);
			defaultConfigurationIsVisible = 0;
			defaultConfigurationName = Release;
		};
		ACF430D1265B4D2600F33D5F /* Build configuration list for PBXNativeTarget "IG" */ = {
			isa = XCConfigurationList;
			buildConfigurations = (
				ACF430D2265B4D2600F33D5F /* Debug */,
				ACF430D3265B4D2600F33D5F /* Release */,
			);
			defaultConfigurationIsVisible = 0;
			defaultConfigurationName = Release;
		};
/* End XCConfigurationList section */
	};
	rootObject = ACF430B5265B4D2100F33D5F /* Project object */;
}
